// !$*UTF8*$!
{
	archiveVersion = 1;
	classes = {
	};
	objectVersion = 46;
	objects = {

/* Begin PBXBuildFile section */
		EF8A792C1E4384190096AF45 /* AppDelegate.swift in Sources */ = {isa = PBXBuildFile; fileRef = EF8A792B1E4384190096AF45 /* AppDelegate.swift */; };
		EF8A792E1E4384190096AF45 /* FirstViewController.swift in Sources */ = {isa = PBXBuildFile; fileRef = EF8A792D1E4384190096AF45 /* FirstViewController.swift */; };
		EF8A79301E4384190096AF45 /* SecondViewController.swift in Sources */ = {isa = PBXBuildFile; fileRef = EF8A792F1E4384190096AF45 /* SecondViewController.swift */; };
		EF8A79331E4384190096AF45 /* Main.storyboard in Resources */ = {isa = PBXBuildFile; fileRef = EF8A79311E4384190096AF45 /* Main.storyboard */; };
		EF8A79351E4384190096AF45 /* Assets.xcassets in Resources */ = {isa = PBXBuildFile; fileRef = EF8A79341E4384190096AF45 /* Assets.xcassets */; };
		EF8A79381E4384190096AF45 /* LaunchScreen.storyboard in Resources */ = {isa = PBXBuildFile; fileRef = EF8A79361E4384190096AF45 /* LaunchScreen.storyboard */; };
		EF8A79431E4384190096AF45 /* HeyOfficeTests.swift in Sources */ = {isa = PBXBuildFile; fileRef = EF8A79421E4384190096AF45 /* HeyOfficeTests.swift */; };
		EFBC902A1E4AAD3200FE15D1 /* AWSCognitoIdentityProvider.framework in Frameworks */ = {isa = PBXBuildFile; fileRef = EFBC90281E4AAD3200FE15D1 /* AWSCognitoIdentityProvider.framework */; };
		EFBC902B1E4AAD3200FE15D1 /* AWSCognitoIdentityProvider.framework in Embed Frameworks */ = {isa = PBXBuildFile; fileRef = EFBC90281E4AAD3200FE15D1 /* AWSCognitoIdentityProvider.framework */; settings = {ATTRIBUTES = (CodeSignOnCopy, RemoveHeadersOnCopy, ); }; };
		EFBC902C1E4AAD3200FE15D1 /* AWSCore.framework in Frameworks */ = {isa = PBXBuildFile; fileRef = EFBC90291E4AAD3200FE15D1 /* AWSCore.framework */; };
		EFBC902D1E4AAD3200FE15D1 /* AWSCore.framework in Embed Frameworks */ = {isa = PBXBuildFile; fileRef = EFBC90291E4AAD3200FE15D1 /* AWSCore.framework */; settings = {ATTRIBUTES = (CodeSignOnCopy, RemoveHeadersOnCopy, ); }; };
		EFBC90311E4AAD9900FE15D1 /* Constants.swift in Sources */ = {isa = PBXBuildFile; fileRef = EFBC90301E4AAD9900FE15D1 /* Constants.swift */; };
		EFBC90331E4AAECE00FE15D1 /* LoginViewController.swift in Sources */ = {isa = PBXBuildFile; fileRef = EFBC90321E4AAECE00FE15D1 /* LoginViewController.swift */; };
		EFBC90351E4AB01300FE15D1 /* TabBarController.swift in Sources */ = {isa = PBXBuildFile; fileRef = EFBC90341E4AB01300FE15D1 /* TabBarController.swift */; };
		EFBC90371E4AEFEE00FE15D1 /* SettingsViewController.swift in Sources */ = {isa = PBXBuildFile; fileRef = EFBC90361E4AEFEE00FE15D1 /* SettingsViewController.swift */; };
		EFBC90391E4C7F8E00FE15D1 /* RegisterViewController.swift in Sources */ = {isa = PBXBuildFile; fileRef = EFBC90381E4C7F8E00FE15D1 /* RegisterViewController.swift */; };
		EFBC903B1E4CA00700FE15D1 /* ConfirmRegistrationViewController.swift in Sources */ = {isa = PBXBuildFile; fileRef = EFBC903A1E4CA00700FE15D1 /* ConfirmRegistrationViewController.swift */; };
		EFBC903D1E4D7F2900FE15D1 /* NewPasswordViewController.swift in Sources */ = {isa = PBXBuildFile; fileRef = EFBC903C1E4D7F2900FE15D1 /* NewPasswordViewController.swift */; };
		EFBC903F1E4D980700FE15D1 /* ForgotPasswordViewController.swift in Sources */ = {isa = PBXBuildFile; fileRef = EFBC903E1E4D980700FE15D1 /* ForgotPasswordViewController.swift */; };
		EFBC90411E4D9AA500FE15D1 /* ConfirmForgotPasswordViewController.swift in Sources */ = {isa = PBXBuildFile; fileRef = EFBC90401E4D9AA500FE15D1 /* ConfirmForgotPasswordViewController.swift */; };
		EFBC90441E4E147F00FE15D1 /* String+HeyOffice.swift in Sources */ = {isa = PBXBuildFile; fileRef = EFBC90431E4E147F00FE15D1 /* String+HeyOffice.swift */; };
/* End PBXBuildFile section */

/* Begin PBXContainerItemProxy section */
		EF8A793F1E4384190096AF45 /* PBXContainerItemProxy */ = {
			isa = PBXContainerItemProxy;
			containerPortal = EF8A79201E4384190096AF45 /* Project object */;
			proxyType = 1;
			remoteGlobalIDString = EF8A79271E4384190096AF45;
			remoteInfo = HeyOffice;
		};
/* End PBXContainerItemProxy section */

/* Begin PBXCopyFilesBuildPhase section */
		EFBC902E1E4AAD3200FE15D1 /* Embed Frameworks */ = {
			isa = PBXCopyFilesBuildPhase;
			buildActionMask = 2147483647;
			dstPath = "";
			dstSubfolderSpec = 10;
			files = (
				EFBC902B1E4AAD3200FE15D1 /* AWSCognitoIdentityProvider.framework in Embed Frameworks */,
				EFBC902D1E4AAD3200FE15D1 /* AWSCore.framework in Embed Frameworks */,
			);
			name = "Embed Frameworks";
			runOnlyForDeploymentPostprocessing = 0;
		};
/* End PBXCopyFilesBuildPhase section */

/* Begin PBXFileReference section */
		EF8A79281E4384190096AF45 /* HeyOffice.app */ = {isa = PBXFileReference; explicitFileType = wrapper.application; includeInIndex = 0; path = HeyOffice.app; sourceTree = BUILT_PRODUCTS_DIR; };
		EF8A792B1E4384190096AF45 /* AppDelegate.swift */ = {isa = PBXFileReference; lastKnownFileType = sourcecode.swift; path = AppDelegate.swift; sourceTree = "<group>"; };
		EF8A792D1E4384190096AF45 /* FirstViewController.swift */ = {isa = PBXFileReference; lastKnownFileType = sourcecode.swift; path = FirstViewController.swift; sourceTree = "<group>"; };
		EF8A792F1E4384190096AF45 /* SecondViewController.swift */ = {isa = PBXFileReference; lastKnownFileType = sourcecode.swift; path = SecondViewController.swift; sourceTree = "<group>"; };
		EF8A79321E4384190096AF45 /* Base */ = {isa = PBXFileReference; lastKnownFileType = file.storyboard; name = Base; path = Base.lproj/Main.storyboard; sourceTree = "<group>"; };
		EF8A79341E4384190096AF45 /* Assets.xcassets */ = {isa = PBXFileReference; lastKnownFileType = folder.assetcatalog; path = Assets.xcassets; sourceTree = "<group>"; };
		EF8A79371E4384190096AF45 /* Base */ = {isa = PBXFileReference; lastKnownFileType = file.storyboard; name = Base; path = Base.lproj/LaunchScreen.storyboard; sourceTree = "<group>"; };
		EF8A79391E4384190096AF45 /* Info.plist */ = {isa = PBXFileReference; lastKnownFileType = text.plist.xml; path = Info.plist; sourceTree = "<group>"; };
		EF8A793E1E4384190096AF45 /* HeyOfficeTests.xctest */ = {isa = PBXFileReference; explicitFileType = wrapper.cfbundle; includeInIndex = 0; path = HeyOfficeTests.xctest; sourceTree = BUILT_PRODUCTS_DIR; };
		EF8A79421E4384190096AF45 /* HeyOfficeTests.swift */ = {isa = PBXFileReference; lastKnownFileType = sourcecode.swift; path = HeyOfficeTests.swift; sourceTree = "<group>"; };
		EF8A79441E4384190096AF45 /* Info.plist */ = {isa = PBXFileReference; lastKnownFileType = text.plist.xml; path = Info.plist; sourceTree = "<group>"; };
		EFBC90281E4AAD3200FE15D1 /* AWSCognitoIdentityProvider.framework */ = {isa = PBXFileReference; lastKnownFileType = wrapper.framework; name = AWSCognitoIdentityProvider.framework; path = Carthage/Build/iOS/AWSCognitoIdentityProvider.framework; sourceTree = "<group>"; };
		EFBC90291E4AAD3200FE15D1 /* AWSCore.framework */ = {isa = PBXFileReference; lastKnownFileType = wrapper.framework; name = AWSCore.framework; path = Carthage/Build/iOS/AWSCore.framework; sourceTree = "<group>"; };
		EFBC90301E4AAD9900FE15D1 /* Constants.swift */ = {isa = PBXFileReference; fileEncoding = 4; lastKnownFileType = sourcecode.swift; path = Constants.swift; sourceTree = "<group>"; };
		EFBC90321E4AAECE00FE15D1 /* LoginViewController.swift */ = {isa = PBXFileReference; fileEncoding = 4; lastKnownFileType = sourcecode.swift; path = LoginViewController.swift; sourceTree = "<group>"; };
		EFBC90341E4AB01300FE15D1 /* TabBarController.swift */ = {isa = PBXFileReference; fileEncoding = 4; lastKnownFileType = sourcecode.swift; path = TabBarController.swift; sourceTree = "<group>"; };
		EFBC90361E4AEFEE00FE15D1 /* SettingsViewController.swift */ = {isa = PBXFileReference; fileEncoding = 4; lastKnownFileType = sourcecode.swift; path = SettingsViewController.swift; sourceTree = "<group>"; };
		EFBC90381E4C7F8E00FE15D1 /* RegisterViewController.swift */ = {isa = PBXFileReference; fileEncoding = 4; lastKnownFileType = sourcecode.swift; path = RegisterViewController.swift; sourceTree = "<group>"; };
		EFBC903A1E4CA00700FE15D1 /* ConfirmRegistrationViewController.swift */ = {isa = PBXFileReference; fileEncoding = 4; lastKnownFileType = sourcecode.swift; path = ConfirmRegistrationViewController.swift; sourceTree = "<group>"; };
		EFBC903C1E4D7F2900FE15D1 /* NewPasswordViewController.swift */ = {isa = PBXFileReference; fileEncoding = 4; lastKnownFileType = sourcecode.swift; path = NewPasswordViewController.swift; sourceTree = "<group>"; };
		EFBC903E1E4D980700FE15D1 /* ForgotPasswordViewController.swift */ = {isa = PBXFileReference; fileEncoding = 4; lastKnownFileType = sourcecode.swift; path = ForgotPasswordViewController.swift; sourceTree = "<group>"; };
		EFBC90401E4D9AA500FE15D1 /* ConfirmForgotPasswordViewController.swift */ = {isa = PBXFileReference; fileEncoding = 4; lastKnownFileType = sourcecode.swift; path = ConfirmForgotPasswordViewController.swift; sourceTree = "<group>"; };
		EFBC90431E4E147F00FE15D1 /* String+HeyOffice.swift */ = {isa = PBXFileReference; fileEncoding = 4; lastKnownFileType = sourcecode.swift; path = "String+HeyOffice.swift"; sourceTree = "<group>"; };
/* End PBXFileReference section */

/* Begin PBXFrameworksBuildPhase section */
		EF8A79251E4384190096AF45 /* Frameworks */ = {
			isa = PBXFrameworksBuildPhase;
			buildActionMask = 2147483647;
			files = (
				EFBC902A1E4AAD3200FE15D1 /* AWSCognitoIdentityProvider.framework in Frameworks */,
				EFBC902C1E4AAD3200FE15D1 /* AWSCore.framework in Frameworks */,
			);
			runOnlyForDeploymentPostprocessing = 0;
		};
		EF8A793B1E4384190096AF45 /* Frameworks */ = {
			isa = PBXFrameworksBuildPhase;
			buildActionMask = 2147483647;
			files = (
			);
			runOnlyForDeploymentPostprocessing = 0;
		};
/* End PBXFrameworksBuildPhase section */

/* Begin PBXGroup section */
		EF8A791F1E4384190096AF45 = {
			isa = PBXGroup;
			children = (
				EFBC902F1E4AAD3800FE15D1 /* Frameworks */,
				EF8A792A1E4384190096AF45 /* HeyOffice */,
				EF8A79411E4384190096AF45 /* HeyOfficeTests */,
				EF8A79291E4384190096AF45 /* Products */,
			);
			sourceTree = "<group>";
		};
		EF8A79291E4384190096AF45 /* Products */ = {
			isa = PBXGroup;
			children = (
				EF8A79281E4384190096AF45 /* HeyOffice.app */,
				EF8A793E1E4384190096AF45 /* HeyOfficeTests.xctest */,
			);
			name = Products;
			sourceTree = "<group>";
		};
		EF8A792A1E4384190096AF45 /* HeyOffice */ = {
			isa = PBXGroup;
			children = (
				EFBC90421E4E147100FE15D1 /* Extensions */,
				EFBC90271E4AABAB00FE15D1 /* Controllers */,
				EF8A792B1E4384190096AF45 /* AppDelegate.swift */,
				EFBC90301E4AAD9900FE15D1 /* Constants.swift */,
				EF8A79311E4384190096AF45 /* Main.storyboard */,
				EF8A79341E4384190096AF45 /* Assets.xcassets */,
				EF8A79361E4384190096AF45 /* LaunchScreen.storyboard */,
				EF8A79391E4384190096AF45 /* Info.plist */,
			);
			path = HeyOffice;
			sourceTree = "<group>";
		};
		EF8A79411E4384190096AF45 /* HeyOfficeTests */ = {
			isa = PBXGroup;
			children = (
				EF8A79421E4384190096AF45 /* HeyOfficeTests.swift */,
				EF8A79441E4384190096AF45 /* Info.plist */,
			);
			path = HeyOfficeTests;
			sourceTree = "<group>";
		};
		EFBC90271E4AABAB00FE15D1 /* Controllers */ = {
			isa = PBXGroup;
			children = (
				EF8A792D1E4384190096AF45 /* FirstViewController.swift */,
				EF8A792F1E4384190096AF45 /* SecondViewController.swift */,
				EFBC90321E4AAECE00FE15D1 /* LoginViewController.swift */,
				EFBC90341E4AB01300FE15D1 /* TabBarController.swift */,
				EFBC90361E4AEFEE00FE15D1 /* SettingsViewController.swift */,
				EFBC90381E4C7F8E00FE15D1 /* RegisterViewController.swift */,
				EFBC903A1E4CA00700FE15D1 /* ConfirmRegistrationViewController.swift */,
				EFBC903C1E4D7F2900FE15D1 /* NewPasswordViewController.swift */,
				EFBC903E1E4D980700FE15D1 /* ForgotPasswordViewController.swift */,
				EFBC90401E4D9AA500FE15D1 /* ConfirmForgotPasswordViewController.swift */,
			);
			name = Controllers;
			sourceTree = "<group>";
		};
		EFBC902F1E4AAD3800FE15D1 /* Frameworks */ = {
			isa = PBXGroup;
			children = (
				EFBC90281E4AAD3200FE15D1 /* AWSCognitoIdentityProvider.framework */,
				EFBC90291E4AAD3200FE15D1 /* AWSCore.framework */,
			);
			name = Frameworks;
			sourceTree = "<group>";
		};
		EFBC90421E4E147100FE15D1 /* Extensions */ = {
			isa = PBXGroup;
			children = (
				EFBC90431E4E147F00FE15D1 /* String+HeyOffice.swift */,
			);
			name = Extensions;
			sourceTree = "<group>";
		};
/* End PBXGroup section */

/* Begin PBXNativeTarget section */
		EF8A79271E4384190096AF45 /* HeyOffice */ = {
			isa = PBXNativeTarget;
			buildConfigurationList = EF8A79471E4384190096AF45 /* Build configuration list for PBXNativeTarget "HeyOffice" */;
			buildPhases = (
				EF8A79241E4384190096AF45 /* Sources */,
				EF8A79251E4384190096AF45 /* Frameworks */,
				EF8A79261E4384190096AF45 /* Resources */,
				EFBC902E1E4AAD3200FE15D1 /* Embed Frameworks */,
			);
			buildRules = (
			);
			dependencies = (
			);
			name = HeyOffice;
			productName = HeyOffice;
			productReference = EF8A79281E4384190096AF45 /* HeyOffice.app */;
			productType = "com.apple.product-type.application";
		};
		EF8A793D1E4384190096AF45 /* HeyOfficeTests */ = {
			isa = PBXNativeTarget;
			buildConfigurationList = EF8A794A1E4384190096AF45 /* Build configuration list for PBXNativeTarget "HeyOfficeTests" */;
			buildPhases = (
				EF8A793A1E4384190096AF45 /* Sources */,
				EF8A793B1E4384190096AF45 /* Frameworks */,
				EF8A793C1E4384190096AF45 /* Resources */,
			);
			buildRules = (
			);
			dependencies = (
				EF8A79401E4384190096AF45 /* PBXTargetDependency */,
			);
			name = HeyOfficeTests;
			productName = HeyOfficeTests;
			productReference = EF8A793E1E4384190096AF45 /* HeyOfficeTests.xctest */;
			productType = "com.apple.product-type.bundle.unit-test";
		};
/* End PBXNativeTarget section */

/* Begin PBXProject section */
		EF8A79201E4384190096AF45 /* Project object */ = {
			isa = PBXProject;
			attributes = {
				LastSwiftUpdateCheck = 0820;
				LastUpgradeCheck = 0820;
				ORGANIZATIONNAME = ThoughtWorks;
				TargetAttributes = {
					EF8A79271E4384190096AF45 = {
						CreatedOnToolsVersion = 8.2.1;
						DevelopmentTeam = 9269KSNZG8;
						ProvisioningStyle = Automatic;
					};
					EF8A793D1E4384190096AF45 = {
						CreatedOnToolsVersion = 8.2.1;
						DevelopmentTeam = 9269KSNZG8;
						ProvisioningStyle = Automatic;
						TestTargetID = EF8A79271E4384190096AF45;
					};
				};
			};
			buildConfigurationList = EF8A79231E4384190096AF45 /* Build configuration list for PBXProject "HeyOffice" */;
			compatibilityVersion = "Xcode 3.2";
			developmentRegion = English;
			hasScannedForEncodings = 0;
			knownRegions = (
				en,
				Base,
			);
			mainGroup = EF8A791F1E4384190096AF45;
			productRefGroup = EF8A79291E4384190096AF45 /* Products */;
			projectDirPath = "";
			projectRoot = "";
			targets = (
				EF8A79271E4384190096AF45 /* HeyOffice */,
				EF8A793D1E4384190096AF45 /* HeyOfficeTests */,
			);
		};
/* End PBXProject section */

/* Begin PBXResourcesBuildPhase section */
		EF8A79261E4384190096AF45 /* Resources */ = {
			isa = PBXResourcesBuildPhase;
			buildActionMask = 2147483647;
			files = (
				EF8A79381E4384190096AF45 /* LaunchScreen.storyboard in Resources */,
				EF8A79351E4384190096AF45 /* Assets.xcassets in Resources */,
				EF8A79331E4384190096AF45 /* Main.storyboard in Resources */,
			);
			runOnlyForDeploymentPostprocessing = 0;
		};
		EF8A793C1E4384190096AF45 /* Resources */ = {
			isa = PBXResourcesBuildPhase;
			buildActionMask = 2147483647;
			files = (
			);
			runOnlyForDeploymentPostprocessing = 0;
		};
/* End PBXResourcesBuildPhase section */

/* Begin PBXSourcesBuildPhase section */
		EF8A79241E4384190096AF45 /* Sources */ = {
			isa = PBXSourcesBuildPhase;
			buildActionMask = 2147483647;
			files = (
				EF8A79301E4384190096AF45 /* SecondViewController.swift in Sources */,
				EF8A792C1E4384190096AF45 /* AppDelegate.swift in Sources */,
				EFBC903F1E4D980700FE15D1 /* ForgotPasswordViewController.swift in Sources */,
				EFBC90371E4AEFEE00FE15D1 /* SettingsViewController.swift in Sources */,
				EFBC90391E4C7F8E00FE15D1 /* RegisterViewController.swift in Sources */,
				EF8A792E1E4384190096AF45 /* FirstViewController.swift in Sources */,
				EFBC90441E4E147F00FE15D1 /* String+HeyOffice.swift in Sources */,
				EFBC903B1E4CA00700FE15D1 /* ConfirmRegistrationViewController.swift in Sources */,
				EFBC90351E4AB01300FE15D1 /* TabBarController.swift in Sources */,
				EFBC90331E4AAECE00FE15D1 /* LoginViewController.swift in Sources */,
				EFBC90411E4D9AA500FE15D1 /* ConfirmForgotPasswordViewController.swift in Sources */,
				EFBC903D1E4D7F2900FE15D1 /* NewPasswordViewController.swift in Sources */,
				EFBC90311E4AAD9900FE15D1 /* Constants.swift in Sources */,
			);
			runOnlyForDeploymentPostprocessing = 0;
		};
		EF8A793A1E4384190096AF45 /* Sources */ = {
			isa = PBXSourcesBuildPhase;
			buildActionMask = 2147483647;
			files = (
				EF8A79431E4384190096AF45 /* HeyOfficeTests.swift in Sources */,
			);
			runOnlyForDeploymentPostprocessing = 0;
		};
/* End PBXSourcesBuildPhase section */

/* Begin PBXTargetDependency section */
		EF8A79401E4384190096AF45 /* PBXTargetDependency */ = {
			isa = PBXTargetDependency;
			target = EF8A79271E4384190096AF45 /* HeyOffice */;
			targetProxy = EF8A793F1E4384190096AF45 /* PBXContainerItemProxy */;
		};
/* End PBXTargetDependency section */

/* Begin PBXVariantGroup section */
		EF8A79311E4384190096AF45 /* Main.storyboard */ = {
			isa = PBXVariantGroup;
			children = (
				EF8A79321E4384190096AF45 /* Base */,
			);
			name = Main.storyboard;
			sourceTree = "<group>";
		};
		EF8A79361E4384190096AF45 /* LaunchScreen.storyboard */ = {
			isa = PBXVariantGroup;
			children = (
				EF8A79371E4384190096AF45 /* Base */,
			);
			name = LaunchScreen.storyboard;
			sourceTree = "<group>";
		};
/* End PBXVariantGroup section */

/* Begin XCBuildConfiguration section */
		EF8A79451E4384190096AF45 /* Debug */ = {
			isa = XCBuildConfiguration;
			buildSettings = {
				ALWAYS_SEARCH_USER_PATHS = NO;
				CLANG_ANALYZER_NONNULL = YES;
				CLANG_CXX_LANGUAGE_STANDARD = "gnu++0x";
				CLANG_CXX_LIBRARY = "libc++";
				CLANG_ENABLE_MODULES = YES;
				CLANG_ENABLE_OBJC_ARC = YES;
				CLANG_WARN_BOOL_CONVERSION = YES;
				CLANG_WARN_CONSTANT_CONVERSION = YES;
				CLANG_WARN_DIRECT_OBJC_ISA_USAGE = YES_ERROR;
				CLANG_WARN_DOCUMENTATION_COMMENTS = YES;
				CLANG_WARN_EMPTY_BODY = YES;
				CLANG_WARN_ENUM_CONVERSION = YES;
				CLANG_WARN_INFINITE_RECURSION = YES;
				CLANG_WARN_INT_CONVERSION = YES;
				CLANG_WARN_OBJC_ROOT_CLASS = YES_ERROR;
				CLANG_WARN_SUSPICIOUS_MOVE = YES;
				CLANG_WARN_UNREACHABLE_CODE = YES;
				CLANG_WARN__DUPLICATE_METHOD_MATCH = YES;
				"CODE_SIGN_IDENTITY[sdk=iphoneos*]" = "iPhone Developer";
				COPY_PHASE_STRIP = NO;
				DEBUG_INFORMATION_FORMAT = dwarf;
				ENABLE_STRICT_OBJC_MSGSEND = YES;
				ENABLE_TESTABILITY = YES;
				GCC_C_LANGUAGE_STANDARD = gnu99;
				GCC_DYNAMIC_NO_PIC = NO;
				GCC_NO_COMMON_BLOCKS = YES;
				GCC_OPTIMIZATION_LEVEL = 0;
				GCC_PREPROCESSOR_DEFINITIONS = (
					"DEBUG=1",
					"$(inherited)",
				);
				GCC_WARN_64_TO_32_BIT_CONVERSION = YES;
				GCC_WARN_ABOUT_RETURN_TYPE = YES_ERROR;
				GCC_WARN_UNDECLARED_SELECTOR = YES;
				GCC_WARN_UNINITIALIZED_AUTOS = YES_AGGRESSIVE;
				GCC_WARN_UNUSED_FUNCTION = YES;
				GCC_WARN_UNUSED_VARIABLE = YES;
				IPHONEOS_DEPLOYMENT_TARGET = 10.2;
				MTL_ENABLE_DEBUG_INFO = YES;
				ONLY_ACTIVE_ARCH = YES;
				SDKROOT = iphoneos;
				SWIFT_ACTIVE_COMPILATION_CONDITIONS = DEBUG;
				SWIFT_OPTIMIZATION_LEVEL = "-Onone";
				TARGETED_DEVICE_FAMILY = "1,2";
			};
			name = Debug;
		};
		EF8A79461E4384190096AF45 /* Release */ = {
			isa = XCBuildConfiguration;
			buildSettings = {
				ALWAYS_SEARCH_USER_PATHS = NO;
				CLANG_ANALYZER_NONNULL = YES;
				CLANG_CXX_LANGUAGE_STANDARD = "gnu++0x";
				CLANG_CXX_LIBRARY = "libc++";
				CLANG_ENABLE_MODULES = YES;
				CLANG_ENABLE_OBJC_ARC = YES;
				CLANG_WARN_BOOL_CONVERSION = YES;
				CLANG_WARN_CONSTANT_CONVERSION = YES;
				CLANG_WARN_DIRECT_OBJC_ISA_USAGE = YES_ERROR;
				CLANG_WARN_DOCUMENTATION_COMMENTS = YES;
				CLANG_WARN_EMPTY_BODY = YES;
				CLANG_WARN_ENUM_CONVERSION = YES;
				CLANG_WARN_INFINITE_RECURSION = YES;
				CLANG_WARN_INT_CONVERSION = YES;
				CLANG_WARN_OBJC_ROOT_CLASS = YES_ERROR;
				CLANG_WARN_SUSPICIOUS_MOVE = YES;
				CLANG_WARN_UNREACHABLE_CODE = YES;
				CLANG_WARN__DUPLICATE_METHOD_MATCH = YES;
				"CODE_SIGN_IDENTITY[sdk=iphoneos*]" = "iPhone Developer";
				COPY_PHASE_STRIP = NO;
				DEBUG_INFORMATION_FORMAT = "dwarf-with-dsym";
				ENABLE_NS_ASSERTIONS = NO;
				ENABLE_STRICT_OBJC_MSGSEND = YES;
				GCC_C_LANGUAGE_STANDARD = gnu99;
				GCC_NO_COMMON_BLOCKS = YES;
				GCC_WARN_64_TO_32_BIT_CONVERSION = YES;
				GCC_WARN_ABOUT_RETURN_TYPE = YES_ERROR;
				GCC_WARN_UNDECLARED_SELECTOR = YES;
				GCC_WARN_UNINITIALIZED_AUTOS = YES_AGGRESSIVE;
				GCC_WARN_UNUSED_FUNCTION = YES;
				GCC_WARN_UNUSED_VARIABLE = YES;
				IPHONEOS_DEPLOYMENT_TARGET = 10.2;
				MTL_ENABLE_DEBUG_INFO = NO;
				SDKROOT = iphoneos;
				SWIFT_OPTIMIZATION_LEVEL = "-Owholemodule";
				TARGETED_DEVICE_FAMILY = "1,2";
				VALIDATE_PRODUCT = YES;
			};
			name = Release;
		};
		EF8A79481E4384190096AF45 /* Debug */ = {
			isa = XCBuildConfiguration;
			buildSettings = {
				ASSETCATALOG_COMPILER_APPICON_NAME = AppIcon;
				DEVELOPMENT_TEAM = 9269KSNZG8;
				FRAMEWORK_SEARCH_PATHS = (
					"$(inherited)",
					"$(PROJECT_DIR)/Carthage/Build/iOS",
				);
				INFOPLIST_FILE = HeyOffice/Info.plist;
				IPHONEOS_DEPLOYMENT_TARGET = 10.0;
				LD_RUNPATH_SEARCH_PATHS = "$(inherited) @executable_path/Frameworks";
				PRODUCT_BUNDLE_IDENTIFIER = com.twsg.HeyOffice;
				PRODUCT_NAME = "$(TARGET_NAME)";
				SWIFT_VERSION = 3.0;
			};
			name = Debug;
		};
		EF8A79491E4384190096AF45 /* Release */ = {
			isa = XCBuildConfiguration;
			buildSettings = {
				ASSETCATALOG_COMPILER_APPICON_NAME = AppIcon;
				DEVELOPMENT_TEAM = 9269KSNZG8;
				FRAMEWORK_SEARCH_PATHS = (
					"$(inherited)",
					"$(PROJECT_DIR)/Carthage/Build/iOS",
				);
				INFOPLIST_FILE = HeyOffice/Info.plist;
				IPHONEOS_DEPLOYMENT_TARGET = 10.0;
				LD_RUNPATH_SEARCH_PATHS = "$(inherited) @executable_path/Frameworks";
				PRODUCT_BUNDLE_IDENTIFIER = com.twsg.HeyOffice;
				PRODUCT_NAME = "$(TARGET_NAME)";
				SWIFT_VERSION = 3.0;
			};
			name = Release;
		};
		EF8A794B1E4384190096AF45 /* Debug */ = {
			isa = XCBuildConfiguration;
			buildSettings = {
				ALWAYS_EMBED_SWIFT_STANDARD_LIBRARIES = YES;
				BUNDLE_LOADER = "$(TEST_HOST)";
				DEVELOPMENT_TEAM = 9269KSNZG8;
				INFOPLIST_FILE = HeyOfficeTests/Info.plist;
				LD_RUNPATH_SEARCH_PATHS = "$(inherited) @executable_path/Frameworks @loader_path/Frameworks";
				PRODUCT_BUNDLE_IDENTIFIER = com.twsg.HeyOfficeTests;
				PRODUCT_NAME = "$(TARGET_NAME)";
				SWIFT_VERSION = 3.0;
				TEST_HOST = "$(BUILT_PRODUCTS_DIR)/HeyOffice.app/HeyOffice";
			};
			name = Debug;
		};
		EF8A794C1E4384190096AF45 /* Release */ = {
			isa = XCBuildConfiguration;
			buildSettings = {
				ALWAYS_EMBED_SWIFT_STANDARD_LIBRARIES = YES;
				BUNDLE_LOADER = "$(TEST_HOST)";
				DEVELOPMENT_TEAM = 9269KSNZG8;
				INFOPLIST_FILE = HeyOfficeTests/Info.plist;
				LD_RUNPATH_SEARCH_PATHS = "$(inherited) @executable_path/Frameworks @loader_path/Frameworks";
				PRODUCT_BUNDLE_IDENTIFIER = com.twsg.HeyOfficeTests;
				PRODUCT_NAME = "$(TARGET_NAME)";
				SWIFT_VERSION = 3.0;
				TEST_HOST = "$(BUILT_PRODUCTS_DIR)/HeyOffice.app/HeyOffice";
			};
			name = Release;
		};
/* End XCBuildConfiguration section */

/* Begin XCConfigurationList section */
		EF8A79231E4384190096AF45 /* Build configuration list for PBXProject "HeyOffice" */ = {
			isa = XCConfigurationList;
			buildConfigurations = (
				EF8A79451E4384190096AF45 /* Debug */,
				EF8A79461E4384190096AF45 /* Release */,
			);
			defaultConfigurationIsVisible = 0;
			defaultConfigurationName = Release;
		};
		EF8A79471E4384190096AF45 /* Build configuration list for PBXNativeTarget "HeyOffice" */ = {
			isa = XCConfigurationList;
			buildConfigurations = (
				EF8A79481E4384190096AF45 /* Debug */,
				EF8A79491E4384190096AF45 /* Release */,
			);
			defaultConfigurationIsVisible = 0;
			defaultConfigurationName = Release;
		};
		EF8A794A1E4384190096AF45 /* Build configuration list for PBXNativeTarget "HeyOfficeTests" */ = {
			isa = XCConfigurationList;
			buildConfigurations = (
				EF8A794B1E4384190096AF45 /* Debug */,
				EF8A794C1E4384190096AF45 /* Release */,
			);
			defaultConfigurationIsVisible = 0;
			defaultConfigurationName = Release;
		};
/* End XCConfigurationList section */
	};
	rootObject = EF8A79201E4384190096AF45 /* Project object */;
}
